<?xml version="1.0" encoding="utf-8"?>
<Project ToolsVersion="4.0" xmlns="http://schemas.microsoft.com/developer/msbuild/2003">
  <ItemGroup>
    <Filter Include="Source Files">
      <UniqueIdentifier>{b2813f9b-60e4-4a9f-bc12-7fb1a081e9b8}</UniqueIdentifier>
      <Extensions>cpp;c;cxx;rc;def;r;odl;idl;hpj;bat</Extensions>
    </Filter>
    <Filter Include="Header Files">
      <UniqueIdentifier>{1c0c42f7-4074-4eb0-9e14-c1d0f91a1dc5}</UniqueIdentifier>
      <Extensions>h;hpp;hxx;hm;inl</Extensions>
    </Filter>
  </ItemGroup>
  <ItemGroup>
    <ClCompile Include="_tbl_simple.c">
      <Filter>Source Files</Filter>
    </ClCompile>
    <ClCompile Include="euc-jp.c">
      <Filter>Source Files</Filter>
    </ClCompile>
    <ClCompile Include="euc-kr.c">
      <Filter>Source Files</Filter>
    </ClCompile>
    <ClCompile Include="euc-tw.c">
      <Filter>Source Files</Filter>
    </ClCompile>
    <ClCompile Include="gb2312.c">
      <Filter>Source Files</Filter>
    </ClCompile>
    <ClCompile Include="iso-10646-ucs-2.c">
      <Filter>Source Files</Filter>
    </ClCompile>
    <ClCompile Include="iso-10646-ucs-4.c">
      <Filter>Source Files</Filter>
    </ClCompile>
    <ClCompile Include="iso-2022-cn.c">
      <Filter>Source Files</Filter>
    </ClCompile>
    <ClCompile Include="iso-2022-jp-2.c">
      <Filter>Source Files</Filter>
    </ClCompile>
    <ClCompile Include="iso-2022-jp.c">
      <Filter>Source Files</Filter>
    </ClCompile>
    <ClCompile Include="iso-2022-kr.c">
      <Filter>Source Files</Filter>
    </ClCompile>
    <ClCompile Include="ucs2-internal.c">
      <Filter>Source Files</Filter>
    </ClCompile>
    <ClCompile Include="ucs4-internal.c">
      <Filter>Source Files</Filter>
    </ClCompile>
    <ClCompile Include="unicode-1-1-utf-7.c">
      <Filter>Source Files</Filter>
    </ClCompile>
    <ClCompile Include="utf-16.c">
      <Filter>Source Files</Filter>
    </ClCompile>
    <ClCompile Include="utf-8.c">
      <Filter>Source Files</Filter>
    </ClCompile>
  </ItemGroup>
  <ItemGroup>
    <ClInclude Include="..\lib\iconv.h">
      <Filter>Header Files</Filter>
    </ClInclude>
  </ItemGroup>
</Project>