
Microsoft Visual Studio Solution File, Format Version 12.00
# Visual Studio 14
VisualStudioVersion = 14.0.25420.1
MinimumVisualStudioVersion = 10.0.40219.1
Project("{8BC9CEB8-8B4A-11D0-8D11-00A0C91BC942}") = "apr", "..\apr\apr.vcxproj", "{3EC9CAF6-B126-492C-8617-B9D2B55F2E16}"
EndProject
Project("{8BC9CEB8-8B4A-11D0-8D11-00A0C91BC942}") = "apr_crypto_nss", "crypto\apr_crypto_nss.vcxproj", "{DCD33DE2-D98D-4781-B55C-81D523C0F59F}"
EndProject
Project("{8BC9CEB8-8B4A-11D0-8D11-00A0C91BC942}") = "apr_crypto_openssl", "crypto\apr_crypto_openssl.vcxproj", "{2DF52FB9-2D8E-4B7C-9D72-BF00C5702499}"
EndProject
Project("{8BC9CEB8-8B4A-11D0-8D11-00A0C91BC942}") = "apr_dbd_mysql", "dbd\apr_dbd_mysql.vcxproj", "{7B392233-D393-40D6-9C9D-1A3EC4F630DA}"
EndProject
Project("{8BC9CEB8-8B4A-11D0-8D11-00A0C91BC942}") = "apr_dbd_odbc", "dbd\apr_dbd_odbc.vcxproj", "{F1554539-A598-4133-9B23-B0466EC4CE3E}"
EndProject
Project("{8BC9CEB8-8B4A-11D0-8D11-00A0C91BC942}") = "apr_dbd_oracle", "dbd\apr_dbd_oracle.vcxproj", "{5F01970E-CA0E-4AC9-817B-FBA06CBABD65}"
EndProject
Project("{8BC9CEB8-8B4A-11D0-8D11-00A0C91BC942}") = "apr_dbd_pgsql", "dbd\apr_dbd_pgsql.vcxproj", "{91A69C81-5EA3-471D-BF2A-EBAB85B5EEEB}"
EndProject
Project("{8BC9CEB8-8B4A-11D0-8D11-00A0C91BC942}") = "apr_dbd_sqlite2", "dbd\apr_dbd_sqlite2.vcxproj", "{17F32EA7-73DB-4B01-800B-1BD4BE2874E3}"
EndProject
Project("{8BC9CEB8-8B4A-11D0-8D11-00A0C91BC942}") = "apr_dbd_sqlite3", "dbd\apr_dbd_sqlite3.vcxproj", "{5C582113-6F8C-4870-BEEA-8B9DB00B9BA7}"
EndProject
Project("{8BC9CEB8-8B4A-11D0-8D11-00A0C91BC942}") = "apr_dbm_db", "dbm\apr_dbm_db.vcxproj", "{DB154451-89EE-46B1-9039-9BDF52AA4CC4}"
EndProject
Project("{8BC9CEB8-8B4A-11D0-8D11-00A0C91BC942}") = "apr_dbm_gdbm", "dbm\apr_dbm_gdbm.vcxproj", "{A511F273-CB7C-4990-9A8F-D8805428F467}"
EndProject
Project("{8BC9CEB8-8B4A-11D0-8D11-00A0C91BC942}") = "apr_ldap", "ldap\apr_ldap.vcxproj", "{CA26B2C3-358F-4BB3-9702-98DD54D893FC}"
EndProject
Project("{8BC9CEB8-8B4A-11D0-8D11-00A0C91BC942}") = "aprapp", "..\apr\build\aprapp.vcxproj", "{DC85A8DD-8686-49F0-A63C-54B69AED817A}"
EndProject
Project("{8BC9CEB8-8B4A-11D0-8D11-00A0C91BC942}") = "apriconv", "..\apr-iconv\apriconv.vcxproj", "{79FBEB6A-6943-418C-B21E-BAA6F43C778F}"
EndProject
Project("{8BC9CEB8-8B4A-11D0-8D11-00A0C91BC942}") = "aprutil", "aprutil.vcxproj", "{B47EF1C8-5AD3-47BA-BE39-102DB086DF00}"
EndProject
Project("{8BC9CEB8-8B4A-11D0-8D11-00A0C91BC942}") = "libapr", "..\apr\libapr.vcxproj", "{57397569-DD99-4659-A315-77263EDAB1A4}"
EndProject
Project("{8BC9CEB8-8B4A-11D0-8D11-00A0C91BC942}") = "libaprapp", "..\apr\build\libaprapp.vcxproj", "{29BD03CD-F03E-47CB-9BE1-AC33D015AE7F}"
EndProject
Project("{8BC9CEB8-8B4A-11D0-8D11-00A0C91BC942}") = "libapriconv", "..\apr-iconv\libapriconv.vcxproj", "{583C32E4-CE02-457E-BBA5-8AFA523557FD}"
EndProject
Project("{8BC9CEB8-8B4A-11D0-8D11-00A0C91BC942}") = "libapriconv_ccs_modules", "..\apr-iconv\ccs\libapriconv_ccs_modules.vcxproj", "{14D4A106-B8B9-4072-8C76-92A43569FA1A}"
EndProject
Project("{8BC9CEB8-8B4A-11D0-8D11-00A0C91BC942}") = "libapriconv_ces_modules", "..\apr-iconv\ces\libapriconv_ces_modules.vcxproj", "{0D203242-663C-427D-8FE7-12EB2D72D942}"
EndProject
Project("{8BC9CEB8-8B4A-11D0-8D11-00A0C91BC942}") = "libaprutil", "libaprutil.vcxproj", "{ED7EE42D-186A-4D88-BC66-0B047865FEA9}"
EndProject
Project("{8BC9CEB8-8B4A-11D0-8D11-00A0C91BC942}") = "preaprapp", "..\apr\build\preaprapp.vcxproj", "{5FB36E6E-8F95-4BBF-A890-9C1345619030}"
EndProject
Project("{8BC9CEB8-8B4A-11D0-8D11-00A0C91BC942}") = "preapriconv", "..\apr-iconv\build\preapriconv.vcxproj", "{8C5249FB-60FF-4672-9510-18405A7EFC80}"
EndProject
Project("{8BC9CEB8-8B4A-11D0-8D11-00A0C91BC942}") = "preaprutil", "build\preaprutil.vcxproj", "{90D05755-1181-4EDE-9937-9D01CA9A6642}"
EndProject
Project("{8BC9CEB8-8B4A-11D0-8D11-00A0C91BC942}") = "prelibaprapp", "..\apr\build\prelibaprapp.vcxproj", "{6E27468A-D7E5-4008-927E-1C09F581A9D8}"
EndProject
Global
	GlobalSection(SolutionConfigurationPlatforms) = preSolution
		Debug|Win32 = Debug|Win32
		Debug|x64 = Debug|x64
		Debug9x|Win32 = Debug9x|Win32
		Debug9x|x64 = Debug9x|x64
		DebugNT|Win32 = DebugNT|Win32
		DebugNT|x64 = DebugNT|x64
		Release|Win32 = Release|Win32
		Release|x64 = Release|x64
		Release9x|Win32 = Release9x|Win32
		Release9x|x64 = Release9x|x64
		ReleaseNT|Win32 = ReleaseNT|Win32
		ReleaseNT|x64 = ReleaseNT|x64
	EndGlobalSection
	GlobalSection(ProjectConfigurationPlatforms) = postSolution
		{3EC9CAF6-B126-492C-8617-B9D2B55F2E16}.Debug|Win32.ActiveCfg = Debug|Win32
		{3EC9CAF6-B126-492C-8617-B9D2B55F2E16}.Debug|Win32.Build.0 = Debug|Win32
		{3EC9CAF6-B126-492C-8617-B9D2B55F2E16}.Debug|x64.ActiveCfg = Debug|x64
		{3EC9CAF6-B126-492C-8617-B9D2B55F2E16}.Debug|x64.Build.0 = Debug|x64
		{3EC9CAF6-B126-492C-8617-B9D2B55F2E16}.Debug9x|Win32.ActiveCfg = Debug|x64
		{3EC9CAF6-B126-492C-8617-B9D2B55F2E16}.Debug9x|x64.ActiveCfg = Debug|x64
		{3EC9CAF6-B126-492C-8617-B9D2B55F2E16}.Debug9x|x64.Build.0 = Debug|x64
		{3EC9CAF6-B126-492C-8617-B9D2B55F2E16}.DebugNT|Win32.ActiveCfg = Debug|x64
		{3EC9CAF6-B126-492C-8617-B9D2B55F2E16}.DebugNT|x64.ActiveCfg = Debug|x64
		{3EC9CAF6-B126-492C-8617-B9D2B55F2E16}.DebugNT|x64.Build.0 = Debug|x64
		{3EC9CAF6-B126-492C-8617-B9D2B55F2E16}.Release|Win32.ActiveCfg = Release|Win32
		{3EC9CAF6-B126-492C-8617-B9D2B55F2E16}.Release|Win32.Build.0 = Release|Win32
		{3EC9CAF6-B126-492C-8617-B9D2B55F2E16}.Release|x64.ActiveCfg = Release|x64
		{3EC9CAF6-B126-492C-8617-B9D2B55F2E16}.Release|x64.Build.0 = Release|x64
		{3EC9CAF6-B126-492C-8617-B9D2B55F2E16}.Release9x|Win32.ActiveCfg = Release|x64
		{3EC9CAF6-B126-492C-8617-B9D2B55F2E16}.Release9x|x64.ActiveCfg = Release|x64
		{3EC9CAF6-B126-492C-8617-B9D2B55F2E16}.Release9x|x64.Build.0 = Release|x64
		{3EC9CAF6-B126-492C-8617-B9D2B55F2E16}.ReleaseNT|Win32.ActiveCfg = Release|x64
		{3EC9CAF6-B126-492C-8617-B9D2B55F2E16}.ReleaseNT|x64.ActiveCfg = Release|x64
		{3EC9CAF6-B126-492C-8617-B9D2B55F2E16}.ReleaseNT|x64.Build.0 = Release|x64
		{DCD33DE2-D98D-4781-B55C-81D523C0F59F}.Debug|Win32.ActiveCfg = Debug|Win32
		{DCD33DE2-D98D-4781-B55C-81D523C0F59F}.Debug|Win32.Build.0 = Debug|Win32
		{DCD33DE2-D98D-4781-B55C-81D523C0F59F}.Debug|x64.ActiveCfg = Debug|x64
		{DCD33DE2-D98D-4781-B55C-81D523C0F59F}.Debug|x64.Build.0 = Debug|x64
		{DCD33DE2-D98D-4781-B55C-81D523C0F59F}.Debug9x|Win32.ActiveCfg = Debug|Win32
		{DCD33DE2-D98D-4781-B55C-81D523C0F59F}.Debug9x|Win32.Build.0 = Debug|Win32
		{DCD33DE2-D98D-4781-B55C-81D523C0F59F}.Debug9x|x64.ActiveCfg = Debug|Win32
		{DCD33DE2-D98D-4781-B55C-81D523C0F59F}.DebugNT|Win32.ActiveCfg = Debug|Win32
		{DCD33DE2-D98D-4781-B55C-81D523C0F59F}.DebugNT|Win32.Build.0 = Debug|Win32
		{DCD33DE2-D98D-4781-B55C-81D523C0F59F}.DebugNT|x64.ActiveCfg = Debug|Win32
		{DCD33DE2-D98D-4781-B55C-81D523C0F59F}.Release|Win32.ActiveCfg = Release|Win32
		{DCD33DE2-D98D-4781-B55C-81D523C0F59F}.Release|Win32.Build.0 = Release|Win32
		{DCD33DE2-D98D-4781-B55C-81D523C0F59F}.Release|x64.ActiveCfg = Release|x64
		{DCD33DE2-D98D-4781-B55C-81D523C0F59F}.Release|x64.Build.0 = Release|x64
		{DCD33DE2-D98D-4781-B55C-81D523C0F59F}.Release9x|Win32.ActiveCfg = Release|Win32
		{DCD33DE2-D98D-4781-B55C-81D523C0F59F}.Release9x|Win32.Build.0 = Release|Win32
		{DCD33DE2-D98D-4781-B55C-81D523C0F59F}.Release9x|x64.ActiveCfg = Release|Win32
		{DCD33DE2-D98D-4781-B55C-81D523C0F59F}.ReleaseNT|Win32.ActiveCfg = Release|Win32
		{DCD33DE2-D98D-4781-B55C-81D523C0F59F}.ReleaseNT|Win32.Build.0 = Release|Win32
		{DCD33DE2-D98D-4781-B55C-81D523C0F59F}.ReleaseNT|x64.ActiveCfg = Release|Win32
		{2DF52FB9-2D8E-4B7C-9D72-BF00C5702499}.Debug|Win32.ActiveCfg = Debug|Win32
		{2DF52FB9-2D8E-4B7C-9D72-BF00C5702499}.Debug|Win32.Build.0 = Debug|Win32
		{2DF52FB9-2D8E-4B7C-9D72-BF00C5702499}.Debug|x64.ActiveCfg = Debug|x64
		{2DF52FB9-2D8E-4B7C-9D72-BF00C5702499}.Debug|x64.Build.0 = Debug|x64
		{2DF52FB9-2D8E-4B7C-9D72-BF00C5702499}.Debug9x|Win32.ActiveCfg = Debug|x64
		{2DF52FB9-2D8E-4B7C-9D72-BF00C5702499}.Debug9x|x64.ActiveCfg = Debug|x64
		{2DF52FB9-2D8E-4B7C-9D72-BF00C5702499}.Debug9x|x64.Build.0 = Debug|x64
		{2DF52FB9-2D8E-4B7C-9D72-BF00C5702499}.DebugNT|Win32.ActiveCfg = Debug|x64
		{2DF52FB9-2D8E-4B7C-9D72-BF00C5702499}.DebugNT|x64.ActiveCfg = Debug|x64
		{2DF52FB9-2D8E-4B7C-9D72-BF00C5702499}.DebugNT|x64.Build.0 = Debug|x64
		{2DF52FB9-2D8E-4B7C-9D72-BF00C5702499}.Release|Win32.ActiveCfg = Release|Win32
		{2DF52FB9-2D8E-4B7C-9D72-BF00C5702499}.Release|Win32.Build.0 = Release|Win32
		{2DF52FB9-2D8E-4B7C-9D72-BF00C5702499}.Release|x64.ActiveCfg = Release|x64
		{2DF52FB9-2D8E-4B7C-9D72-BF00C5702499}.Release|x64.Build.0 = Release|x64
		{2DF52FB9-2D8E-4B7C-9D72-BF00C5702499}.Release9x|Win32.ActiveCfg = Release|x64
		{2DF52FB9-2D8E-4B7C-9D72-BF00C5702499}.Release9x|x64.ActiveCfg = Release|x64
		{2DF52FB9-2D8E-4B7C-9D72-BF00C5702499}.Release9x|x64.Build.0 = Release|x64
		{2DF52FB9-2D8E-4B7C-9D72-BF00C5702499}.ReleaseNT|Win32.ActiveCfg = Release|x64
		{2DF52FB9-2D8E-4B7C-9D72-BF00C5702499}.ReleaseNT|x64.ActiveCfg = Release|x64
		{2DF52FB9-2D8E-4B7C-9D72-BF00C5702499}.ReleaseNT|x64.Build.0 = Release|x64
		{7B392233-D393-40D6-9C9D-1A3EC4F630DA}.Debug|Win32.ActiveCfg = Debug|Win32
		{7B392233-D393-40D6-9C9D-1A3EC4F630DA}.Debug|Win32.Build.0 = Debug|Win32
		{7B392233-D393-40D6-9C9D-1A3EC4F630DA}.Debug|x64.ActiveCfg = Debug|x64
		{7B392233-D393-40D6-9C9D-1A3EC4F630DA}.Debug|x64.Build.0 = Debug|x64
		{7B392233-D393-40D6-9C9D-1A3EC4F630DA}.Debug9x|Win32.ActiveCfg = Debug|Win32
		{7B392233-D393-40D6-9C9D-1A3EC4F630DA}.Debug9x|Win32.Build.0 = Debug|Win32
		{7B392233-D393-40D6-9C9D-1A3EC4F630DA}.Debug9x|x64.ActiveCfg = Debug|Win32
		{7B392233-D393-40D6-9C9D-1A3EC4F630DA}.DebugNT|Win32.ActiveCfg = Debug|Win32
		{7B392233-D393-40D6-9C9D-1A3EC4F630DA}.DebugNT|Win32.Build.0 = Debug|Win32
		{7B392233-D393-40D6-9C9D-1A3EC4F630DA}.DebugNT|x64.ActiveCfg = Debug|Win32
		{7B392233-D393-40D6-9C9D-1A3EC4F630DA}.Release|Win32.ActiveCfg = Release|Win32
		{7B392233-D393-40D6-9C9D-1A3EC4F630DA}.Release|Win32.Build.0 = Release|Win32
		{7B392233-D393-40D6-9C9D-1A3EC4F630DA}.Release|x64.ActiveCfg = Release|x64
		{7B392233-D393-40D6-9C9D-1A3EC4F630DA}.Release|x64.Build.0 = Release|x64
		{7B392233-D393-40D6-9C9D-1A3EC4F630DA}.Release9x|Win32.ActiveCfg = Release|Win32
		{7B392233-D393-40D6-9C9D-1A3EC4F630DA}.Release9x|Win32.Build.0 = Release|Win32
		{7B392233-D393-40D6-9C9D-1A3EC4F630DA}.Release9x|x64.ActiveCfg = Release|Win32
		{7B392233-D393-40D6-9C9D-1A3EC4F630DA}.ReleaseNT|Win32.ActiveCfg = Release|Win32
		{7B392233-D393-40D6-9C9D-1A3EC4F630DA}.ReleaseNT|Win32.Build.0 = Release|Win32
		{7B392233-D393-40D6-9C9D-1A3EC4F630DA}.ReleaseNT|x64.ActiveCfg = Release|Win32
		{F1554539-A598-4133-9B23-B0466EC4CE3E}.Debug|Win32.ActiveCfg = Debug|Win32
		{F1554539-A598-4133-9B23-B0466EC4CE3E}.Debug|Win32.Build.0 = Debug|Win32
		{F1554539-A598-4133-9B23-B0466EC4CE3E}.Debug|x64.ActiveCfg = Debug|x64
		{F1554539-A598-4133-9B23-B0466EC4CE3E}.Debug|x64.Build.0 = Debug|x64
		{F1554539-A598-4133-9B23-B0466EC4CE3E}.Debug9x|Win32.ActiveCfg = Debug|x64
		{F1554539-A598-4133-9B23-B0466EC4CE3E}.Debug9x|x64.ActiveCfg = Debug|x64
		{F1554539-A598-4133-9B23-B0466EC4CE3E}.Debug9x|x64.Build.0 = Debug|x64
		{F1554539-A598-4133-9B23-B0466EC4CE3E}.DebugNT|Win32.ActiveCfg = Debug|x64
		{F1554539-A598-4133-9B23-B0466EC4CE3E}.DebugNT|x64.ActiveCfg = Debug|x64
		{F1554539-A598-4133-9B23-B0466EC4CE3E}.DebugNT|x64.Build.0 = Debug|x64
		{F1554539-A598-4133-9B23-B0466EC4CE3E}.Release|Win32.ActiveCfg = Release|Win32
		{F1554539-A598-4133-9B23-B0466EC4CE3E}.Release|Win32.Build.0 = Release|Win32
		{F1554539-A598-4133-9B23-B0466EC4CE3E}.Release|x64.ActiveCfg = Release|x64
		{F1554539-A598-4133-9B23-B0466EC4CE3E}.Release|x64.Build.0 = Release|x64
		{F1554539-A598-4133-9B23-B0466EC4CE3E}.Release9x|Win32.ActiveCfg = Release|x64
		{F1554539-A598-4133-9B23-B0466EC4CE3E}.Release9x|x64.ActiveCfg = Release|x64
		{F1554539-A598-4133-9B23-B0466EC4CE3E}.Release9x|x64.Build.0 = Release|x64
		{F1554539-A598-4133-9B23-B0466EC4CE3E}.ReleaseNT|Win32.ActiveCfg = Release|x64
		{F1554539-A598-4133-9B23-B0466EC4CE3E}.ReleaseNT|x64.ActiveCfg = Release|x64
		{F1554539-A598-4133-9B23-B0466EC4CE3E}.ReleaseNT|x64.Build.0 = Release|x64
		{5F01970E-CA0E-4AC9-817B-FBA06CBABD65}.Debug|Win32.ActiveCfg = Debug|Win32
		{5F01970E-CA0E-4AC9-817B-FBA06CBABD65}.Debug|Win32.Build.0 = Debug|Win32
		{5F01970E-CA0E-4AC9-817B-FBA06CBABD65}.Debug|x64.ActiveCfg = Debug|x64
		{5F01970E-CA0E-4AC9-817B-FBA06CBABD65}.Debug|x64.Build.0 = Debug|x64
		{5F01970E-CA0E-4AC9-817B-FBA06CBABD65}.Debug9x|Win32.ActiveCfg = Debug|Win32
		{5F01970E-CA0E-4AC9-817B-FBA06CBABD65}.Debug9x|Win32.Build.0 = Debug|Win32
		{5F01970E-CA0E-4AC9-817B-FBA06CBABD65}.Debug9x|x64.ActiveCfg = Debug|Win32
		{5F01970E-CA0E-4AC9-817B-FBA06CBABD65}.DebugNT|Win32.ActiveCfg = Debug|Win32
		{5F01970E-CA0E-4AC9-817B-FBA06CBABD65}.DebugNT|Win32.Build.0 = Debug|Win32
		{5F01970E-CA0E-4AC9-817B-FBA06CBABD65}.DebugNT|x64.ActiveCfg = Debug|Win32
		{5F01970E-CA0E-4AC9-817B-FBA06CBABD65}.Release|Win32.ActiveCfg = Release|Win32
		{5F01970E-CA0E-4AC9-817B-FBA06CBABD65}.Release|Win32.Build.0 = Release|Win32
		{5F01970E-CA0E-4AC9-817B-FBA06CBABD65}.Release|x64.ActiveCfg = Release|x64
		{5F01970E-CA0E-4AC9-817B-FBA06CBABD65}.Release|x64.Build.0 = Release|x64
		{5F01970E-CA0E-4AC9-817B-FBA06CBABD65}.Release9x|Win32.ActiveCfg = Release|Win32
		{5F01970E-CA0E-4AC9-817B-FBA06CBABD65}.Release9x|Win32.Build.0 = Release|Win32
		{5F01970E-CA0E-4AC9-817B-FBA06CBABD65}.Release9x|x64.ActiveCfg = Release|Win32
		{5F01970E-CA0E-4AC9-817B-FBA06CBABD65}.ReleaseNT|Win32.ActiveCfg = Release|Win32
		{5F01970E-CA0E-4AC9-817B-FBA06CBABD65}.ReleaseNT|Win32.Build.0 = Release|Win32
		{5F01970E-CA0E-4AC9-817B-FBA06CBABD65}.ReleaseNT|x64.ActiveCfg = Release|Win32
		{91A69C81-5EA3-471D-BF2A-EBAB85B5EEEB}.Debug|Win32.ActiveCfg = Debug|Win32
		{91A69C81-5EA3-471D-BF2A-EBAB85B5EEEB}.Debug|Win32.Build.0 = Debug|Win32
		{91A69C81-5EA3-471D-BF2A-EBAB85B5EEEB}.Debug|x64.ActiveCfg = Debug|x64
		{91A69C81-5EA3-471D-BF2A-EBAB85B5EEEB}.Debug|x64.Build.0 = Debug|x64
		{91A69C81-5EA3-471D-BF2A-EBAB85B5EEEB}.Debug9x|Win32.ActiveCfg = Debug|x64
		{91A69C81-5EA3-471D-BF2A-EBAB85B5EEEB}.Debug9x|x64.ActiveCfg = Debug|x64
		{91A69C81-5EA3-471D-BF2A-EBAB85B5EEEB}.Debug9x|x64.Build.0 = Debug|x64
		{91A69C81-5EA3-471D-BF2A-EBAB85B5EEEB}.DebugNT|Win32.ActiveCfg = Debug|x64
		{91A69C81-5EA3-471D-BF2A-EBAB85B5EEEB}.DebugNT|x64.ActiveCfg = Debug|x64
		{91A69C81-5EA3-471D-BF2A-EBAB85B5EEEB}.DebugNT|x64.Build.0 = Debug|x64
		{91A69C81-5EA3-471D-BF2A-EBAB85B5EEEB}.Release|Win32.ActiveCfg = Release|Win32
		{91A69C81-5EA3-471D-BF2A-EBAB85B5EEEB}.Release|Win32.Build.0 = Release|Win32
		{91A69C81-5EA3-471D-BF2A-EBAB85B5EEEB}.Release|x64.ActiveCfg = Release|x64
		{91A69C81-5EA3-471D-BF2A-EBAB85B5EEEB}.Release|x64.Build.0 = Release|x64
		{91A69C81-5EA3-471D-BF2A-EBAB85B5EEEB}.Release9x|Win32.ActiveCfg = Release|x64
		{91A69C81-5EA3-471D-BF2A-EBAB85B5EEEB}.Release9x|x64.ActiveCfg = Release|x64
		{91A69C81-5EA3-471D-BF2A-EBAB85B5EEEB}.Release9x|x64.Build.0 = Release|x64
		{91A69C81-5EA3-471D-BF2A-EBAB85B5EEEB}.ReleaseNT|Win32.ActiveCfg = Release|x64
		{91A69C81-5EA3-471D-BF2A-EBAB85B5EEEB}.ReleaseNT|x64.ActiveCfg = Release|x64
		{91A69C81-5EA3-471D-BF2A-EBAB85B5EEEB}.ReleaseNT|x64.Build.0 = Release|x64
		{17F32EA7-73DB-4B01-800B-1BD4BE2874E3}.Debug|Win32.ActiveCfg = Debug|Win32
		{17F32EA7-73DB-4B01-800B-1BD4BE2874E3}.Debug|Win32.Build.0 = Debug|Win32
		{17F32EA7-73DB-4B01-800B-1BD4BE2874E3}.Debug|x64.ActiveCfg = Debug|x64
		{17F32EA7-73DB-4B01-800B-1BD4BE2874E3}.Debug|x64.Build.0 = Debug|x64
		{17F32EA7-73DB-4B01-800B-1BD4BE2874E3}.Debug9x|Win32.ActiveCfg = Debug|Win32
		{17F32EA7-73DB-4B01-800B-1BD4BE2874E3}.Debug9x|Win32.Build.0 = Debug|Win32
		{17F32EA7-73DB-4B01-800B-1BD4BE2874E3}.Debug9x|x64.ActiveCfg = Debug|Win32
		{17F32EA7-73DB-4B01-800B-1BD4BE2874E3}.DebugNT|Win32.ActiveCfg = Debug|Win32
		{17F32EA7-73DB-4B01-800B-1BD4BE2874E3}.DebugNT|Win32.Build.0 = Debug|Win32
		{17F32EA7-73DB-4B01-800B-1BD4BE2874E3}.DebugNT|x64.ActiveCfg = Debug|Win32
		{17F32EA7-73DB-4B01-800B-1BD4BE2874E3}.Release|Win32.ActiveCfg = Release|Win32
		{17F32EA7-73DB-4B01-800B-1BD4BE2874E3}.Release|Win32.Build.0 = Release|Win32
		{17F32EA7-73DB-4B01-800B-1BD4BE2874E3}.Release|x64.ActiveCfg = Release|x64
		{17F32EA7-73DB-4B01-800B-1BD4BE2874E3}.Release|x64.Build.0 = Release|x64
		{17F32EA7-73DB-4B01-800B-1BD4BE2874E3}.Release9x|Win32.ActiveCfg = Release|Win32
		{17F32EA7-73DB-4B01-800B-1BD4BE2874E3}.Release9x|Win32.Build.0 = Release|Win32
		{17F32EA7-73DB-4B01-800B-1BD4BE2874E3}.Release9x|x64.ActiveCfg = Release|Win32
		{17F32EA7-73DB-4B01-800B-1BD4BE2874E3}.ReleaseNT|Win32.ActiveCfg = Release|Win32
		{17F32EA7-73DB-4B01-800B-1BD4BE2874E3}.ReleaseNT|Win32.Build.0 = Release|Win32
		{17F32EA7-73DB-4B01-800B-1BD4BE2874E3}.ReleaseNT|x64.ActiveCfg = Release|Win32
		{5C582113-6F8C-4870-BEEA-8B9DB00B9BA7}.Debug|Win32.ActiveCfg = Debug|Win32
		{5C582113-6F8C-4870-BEEA-8B9DB00B9BA7}.Debug|Win32.Build.0 = Debug|Win32
		{5C582113-6F8C-4870-BEEA-8B9DB00B9BA7}.Debug|x64.ActiveCfg = Debug|x64
		{5C582113-6F8C-4870-BEEA-8B9DB00B9BA7}.Debug|x64.Build.0 = Debug|x64
		{5C582113-6F8C-4870-BEEA-8B9DB00B9BA7}.Debug9x|Win32.ActiveCfg = Debug|x64
		{5C582113-6F8C-4870-BEEA-8B9DB00B9BA7}.Debug9x|x64.ActiveCfg = Debug|x64
		{5C582113-6F8C-4870-BEEA-8B9DB00B9BA7}.Debug9x|x64.Build.0 = Debug|x64
		{5C582113-6F8C-4870-BEEA-8B9DB00B9BA7}.DebugNT|Win32.ActiveCfg = Debug|x64
		{5C582113-6F8C-4870-BEEA-8B9DB00B9BA7}.DebugNT|x64.ActiveCfg = Debug|x64
		{5C582113-6F8C-4870-BEEA-8B9DB00B9BA7}.DebugNT|x64.Build.0 = Debug|x64
		{5C582113-6F8C-4870-BEEA-8B9DB00B9BA7}.Release|Win32.ActiveCfg = Release|Win32
		{5C582113-6F8C-4870-BEEA-8B9DB00B9BA7}.Release|Win32.Build.0 = Release|Win32
		{5C582113-6F8C-4870-BEEA-8B9DB00B9BA7}.Release|x64.ActiveCfg = Release|x64
		{5C582113-6F8C-4870-BEEA-8B9DB00B9BA7}.Release|x64.Build.0 = Release|x64
		{5C582113-6F8C-4870-BEEA-8B9DB00B9BA7}.Release9x|Win32.ActiveCfg = Release|x64
		{5C582113-6F8C-4870-BEEA-8B9DB00B9BA7}.Release9x|x64.ActiveCfg = Release|x64
		{5C582113-6F8C-4870-BEEA-8B9DB00B9BA7}.Release9x|x64.Build.0 = Release|x64
		{5C582113-6F8C-4870-BEEA-8B9DB00B9BA7}.ReleaseNT|Win32.ActiveCfg = Release|x64
		{5C582113-6F8C-4870-BEEA-8B9DB00B9BA7}.ReleaseNT|x64.ActiveCfg = Release|x64
		{5C582113-6F8C-4870-BEEA-8B9DB00B9BA7}.ReleaseNT|x64.Build.0 = Release|x64
		{DB154451-89EE-46B1-9039-9BDF52AA4CC4}.Debug|Win32.ActiveCfg = Debug|Win32
		{DB154451-89EE-46B1-9039-9BDF52AA4CC4}.Debug|Win32.Build.0 = Debug|Win32
		{DB154451-89EE-46B1-9039-9BDF52AA4CC4}.Debug|x64.ActiveCfg = Debug|x64
		{DB154451-89EE-46B1-9039-9BDF52AA4CC4}.Debug|x64.Build.0 = Debug|x64
		{DB154451-89EE-46B1-9039-9BDF52AA4CC4}.Debug9x|Win32.ActiveCfg = Debug|Win32
		{DB154451-89EE-46B1-9039-9BDF52AA4CC4}.Debug9x|Win32.Build.0 = Debug|Win32
		{DB154451-89EE-46B1-9039-9BDF52AA4CC4}.Debug9x|x64.ActiveCfg = Debug|Win32
		{DB154451-89EE-46B1-9039-9BDF52AA4CC4}.DebugNT|Win32.ActiveCfg = Debug|Win32
		{DB154451-89EE-46B1-9039-9BDF52AA4CC4}.DebugNT|Win32.Build.0 = Debug|Win32
		{DB154451-89EE-46B1-9039-9BDF52AA4CC4}.DebugNT|x64.ActiveCfg = Debug|Win32
		{DB154451-89EE-46B1-9039-9BDF52AA4CC4}.Release|Win32.ActiveCfg = Release|Win32
		{DB154451-89EE-46B1-9039-9BDF52AA4CC4}.Release|Win32.Build.0 = Release|Win32
		{DB154451-89EE-46B1-9039-9BDF52AA4CC4}.Release|x64.ActiveCfg = Release|x64
		{DB154451-89EE-46B1-9039-9BDF52AA4CC4}.Release|x64.Build.0 = Release|x64
		{DB154451-89EE-46B1-9039-9BDF52AA4CC4}.Release9x|Win32.ActiveCfg = Release|Win32
		{DB154451-89EE-46B1-9039-9BDF52AA4CC4}.Release9x|Win32.Build.0 = Release|Win32
		{DB154451-89EE-46B1-9039-9BDF52AA4CC4}.Release9x|x64.ActiveCfg = Release|Win32
		{DB154451-89EE-46B1-9039-9BDF52AA4CC4}.ReleaseNT|Win32.ActiveCfg = Release|Win32
		{DB154451-89EE-46B1-9039-9BDF52AA4CC4}.ReleaseNT|Win32.Build.0 = Release|Win32
		{DB154451-89EE-46B1-9039-9BDF52AA4CC4}.ReleaseNT|x64.ActiveCfg = Release|Win32
		{A511F273-CB7C-4990-9A8F-D8805428F467}.Debug|Win32.ActiveCfg = Debug|Win32
		{A511F273-CB7C-4990-9A8F-D8805428F467}.Debug|Win32.Build.0 = Debug|Win32
		{A511F273-CB7C-4990-9A8F-D8805428F467}.Debug|x64.ActiveCfg = Debug|x64
		{A511F273-CB7C-4990-9A8F-D8805428F467}.Debug|x64.Build.0 = Debug|x64
		{A511F273-CB7C-4990-9A8F-D8805428F467}.Debug9x|Win32.ActiveCfg = Debug|Win32
		{A511F273-CB7C-4990-9A8F-D8805428F467}.Debug9x|Win32.Build.0 = Debug|Win32
		{A511F273-CB7C-4990-9A8F-D8805428F467}.Debug9x|x64.ActiveCfg = Debug|Win32
		{A511F273-CB7C-4990-9A8F-D8805428F467}.DebugNT|Win32.ActiveCfg = Debug|Win32
		{A511F273-CB7C-4990-9A8F-D8805428F467}.DebugNT|Win32.Build.0 = Debug|Win32
		{A511F273-CB7C-4990-9A8F-D8805428F467}.DebugNT|x64.ActiveCfg = Debug|Win32
		{A511F273-CB7C-4990-9A8F-D8805428F467}.Release|Win32.ActiveCfg = Release|Win32
		{A511F273-CB7C-4990-9A8F-D8805428F467}.Release|Win32.Build.0 = Release|Win32
		{A511F273-CB7C-4990-9A8F-D8805428F467}.Release|x64.ActiveCfg = Release|x64
		{A511F273-CB7C-4990-9A8F-D8805428F467}.Release|x64.Build.0 = Release|x64
		{A511F273-CB7C-4990-9A8F-D8805428F467}.Release9x|Win32.ActiveCfg = Release|Win32
		{A511F273-CB7C-4990-9A8F-D8805428F467}.Release9x|Win32.Build.0 = Release|Win32
		{A511F273-CB7C-4990-9A8F-D8805428F467}.Release9x|x64.ActiveCfg = Release|Win32
		{A511F273-CB7C-4990-9A8F-D8805428F467}.ReleaseNT|Win32.ActiveCfg = Release|Win32
		{A511F273-CB7C-4990-9A8F-D8805428F467}.ReleaseNT|Win32.Build.0 = Release|Win32
		{A511F273-CB7C-4990-9A8F-D8805428F467}.ReleaseNT|x64.ActiveCfg = Release|Win32
		{CA26B2C3-358F-4BB3-9702-98DD54D893FC}.Debug|Win32.ActiveCfg = Debug|Win32
		{CA26B2C3-358F-4BB3-9702-98DD54D893FC}.Debug|Win32.Build.0 = Debug|Win32
		{CA26B2C3-358F-4BB3-9702-98DD54D893FC}.Debug|x64.ActiveCfg = Debug|x64
		{CA26B2C3-358F-4BB3-9702-98DD54D893FC}.Debug|x64.Build.0 = Debug|x64
		{CA26B2C3-358F-4BB3-9702-98DD54D893FC}.Debug9x|Win32.ActiveCfg = Debug|x64
		{CA26B2C3-358F-4BB3-9702-98DD54D893FC}.Debug9x|x64.ActiveCfg = Debug|x64
		{CA26B2C3-358F-4BB3-9702-98DD54D893FC}.Debug9x|x64.Build.0 = Debug|x64
		{CA26B2C3-358F-4BB3-9702-98DD54D893FC}.DebugNT|Win32.ActiveCfg = Debug|x64
		{CA26B2C3-358F-4BB3-9702-98DD54D893FC}.DebugNT|x64.ActiveCfg = Debug|x64
		{CA26B2C3-358F-4BB3-9702-98DD54D893FC}.DebugNT|x64.Build.0 = Debug|x64
		{CA26B2C3-358F-4BB3-9702-98DD54D893FC}.Release|Win32.ActiveCfg = Release|Win32
		{CA26B2C3-358F-4BB3-9702-98DD54D893FC}.Release|Win32.Build.0 = Release|Win32
		{CA26B2C3-358F-4BB3-9702-98DD54D893FC}.Release|x64.ActiveCfg = Release|x64
		{CA26B2C3-358F-4BB3-9702-98DD54D893FC}.Release|x64.Build.0 = Release|x64
		{CA26B2C3-358F-4BB3-9702-98DD54D893FC}.Release9x|Win32.ActiveCfg = Release|x64
		{CA26B2C3-358F-4BB3-9702-98DD54D893FC}.Release9x|x64.ActiveCfg = Release|x64
		{CA26B2C3-358F-4BB3-9702-98DD54D893FC}.Release9x|x64.Build.0 = Release|x64
		{CA26B2C3-358F-4BB3-9702-98DD54D893FC}.ReleaseNT|Win32.ActiveCfg = Release|x64
		{CA26B2C3-358F-4BB3-9702-98DD54D893FC}.ReleaseNT|x64.ActiveCfg = Release|x64
		{CA26B2C3-358F-4BB3-9702-98DD54D893FC}.ReleaseNT|x64.Build.0 = Release|x64
		{DC85A8DD-8686-49F0-A63C-54B69AED817A}.Debug|Win32.ActiveCfg = Debug|Win32
		{DC85A8DD-8686-49F0-A63C-54B69AED817A}.Debug|Win32.Build.0 = Debug|Win32
		{DC85A8DD-8686-49F0-A63C-54B69AED817A}.Debug|x64.ActiveCfg = Debug|x64
		{DC85A8DD-8686-49F0-A63C-54B69AED817A}.Debug|x64.Build.0 = Debug|x64
		{DC85A8DD-8686-49F0-A63C-54B69AED817A}.Debug9x|Win32.ActiveCfg = Debug9x|Win32
		{DC85A8DD-8686-49F0-A63C-54B69AED817A}.Debug9x|Win32.Build.0 = Debug9x|Win32
		{DC85A8DD-8686-49F0-A63C-54B69AED817A}.Debug9x|x64.ActiveCfg = Debug9x|x64
		{DC85A8DD-8686-49F0-A63C-54B69AED817A}.Debug9x|x64.Build.0 = Debug9x|x64
		{DC85A8DD-8686-49F0-A63C-54B69AED817A}.DebugNT|Win32.ActiveCfg = Debug|x64
		{DC85A8DD-8686-49F0-A63C-54B69AED817A}.DebugNT|x64.ActiveCfg = Debug|x64
		{DC85A8DD-8686-49F0-A63C-54B69AED817A}.DebugNT|x64.Build.0 = Debug|x64
		{DC85A8DD-8686-49F0-A63C-54B69AED817A}.Release|Win32.ActiveCfg = Release|Win32
		{DC85A8DD-8686-49F0-A63C-54B69AED817A}.Release|Win32.Build.0 = Release|Win32
		{DC85A8DD-8686-49F0-A63C-54B69AED817A}.Release|x64.ActiveCfg = Release|x64
		{DC85A8DD-8686-49F0-A63C-54B69AED817A}.Release|x64.Build.0 = Release|x64
		{DC85A8DD-8686-49F0-A63C-54B69AED817A}.Release9x|Win32.ActiveCfg = Release9x|Win32
		{DC85A8DD-8686-49F0-A63C-54B69AED817A}.Release9x|Win32.Build.0 = Release9x|Win32
		{DC85A8DD-8686-49F0-A63C-54B69AED817A}.Release9x|x64.ActiveCfg = Release9x|x64
		{DC85A8DD-8686-49F0-A63C-54B69AED817A}.Release9x|x64.Build.0 = Release9x|x64
		{DC85A8DD-8686-49F0-A63C-54B69AED817A}.ReleaseNT|Win32.ActiveCfg = Release|x64
		{DC85A8DD-8686-49F0-A63C-54B69AED817A}.ReleaseNT|x64.ActiveCfg = Release|x64
		{DC85A8DD-8686-49F0-A63C-54B69AED817A}.ReleaseNT|x64.Build.0 = Release|x64
		{79FBEB6A-6943-418C-B21E-BAA6F43C778F}.Debug|Win32.ActiveCfg = Debug|Win32
		{79FBEB6A-6943-418C-B21E-BAA6F43C778F}.Debug|Win32.Build.0 = Debug|Win32
		{79FBEB6A-6943-418C-B21E-BAA6F43C778F}.Debug|x64.ActiveCfg = Debug|x64
		{79FBEB6A-6943-418C-B21E-BAA6F43C778F}.Debug|x64.Build.0 = Debug|x64
		{79FBEB6A-6943-418C-B21E-BAA6F43C778F}.Debug9x|Win32.ActiveCfg = Debug|Win32
		{79FBEB6A-6943-418C-B21E-BAA6F43C778F}.Debug9x|Win32.Build.0 = Debug|Win32
		{79FBEB6A-6943-418C-B21E-BAA6F43C778F}.Debug9x|x64.ActiveCfg = Debug|Win32
		{79FBEB6A-6943-418C-B21E-BAA6F43C778F}.DebugNT|Win32.ActiveCfg = Debug|Win32
		{79FBEB6A-6943-418C-B21E-BAA6F43C778F}.DebugNT|Win32.Build.0 = Debug|Win32
		{79FBEB6A-6943-418C-B21E-BAA6F43C778F}.DebugNT|x64.ActiveCfg = Debug|Win32
		{79FBEB6A-6943-418C-B21E-BAA6F43C778F}.Release|Win32.ActiveCfg = Release|Win32
		{79FBEB6A-6943-418C-B21E-BAA6F43C778F}.Release|Win32.Build.0 = Release|Win32
		{79FBEB6A-6943-418C-B21E-BAA6F43C778F}.Release|x64.ActiveCfg = Release|x64
		{79FBEB6A-6943-418C-B21E-BAA6F43C778F}.Release|x64.Build.0 = Release|x64
		{79FBEB6A-6943-418C-B21E-BAA6F43C778F}.Release9x|Win32.ActiveCfg = Release|Win32
		{79FBEB6A-6943-418C-B21E-BAA6F43C778F}.Release9x|Win32.Build.0 = Release|Win32
		{79FBEB6A-6943-418C-B21E-BAA6F43C778F}.Release9x|x64.ActiveCfg = Release|Win32
		{79FBEB6A-6943-418C-B21E-BAA6F43C778F}.ReleaseNT|Win32.ActiveCfg = Release|Win32
		{79FBEB6A-6943-418C-B21E-BAA6F43C778F}.ReleaseNT|Win32.Build.0 = Release|Win32
		{79FBEB6A-6943-418C-B21E-BAA6F43C778F}.ReleaseNT|x64.ActiveCfg = Release|Win32
		{B47EF1C8-5AD3-47BA-BE39-102DB086DF00}.Debug|Win32.ActiveCfg = Debug|Win32
		{B47EF1C8-5AD3-47BA-BE39-102DB086DF00}.Debug|Win32.Build.0 = Debug|Win32
		{B47EF1C8-5AD3-47BA-BE39-102DB086DF00}.Debug|x64.ActiveCfg = Debug|x64
		{B47EF1C8-5AD3-47BA-BE39-102DB086DF00}.Debug|x64.Build.0 = Debug|x64
		{B47EF1C8-5AD3-47BA-BE39-102DB086DF00}.Debug9x|Win32.ActiveCfg = Debug|Win32
		{B47EF1C8-5AD3-47BA-BE39-102DB086DF00}.Debug9x|Win32.Build.0 = Debug|Win32
		{B47EF1C8-5AD3-47BA-BE39-102DB086DF00}.Debug9x|x64.ActiveCfg = Debug|Win32
		{B47EF1C8-5AD3-47BA-BE39-102DB086DF00}.DebugNT|Win32.ActiveCfg = Debug|Win32
		{B47EF1C8-5AD3-47BA-BE39-102DB086DF00}.DebugNT|Win32.Build.0 = Debug|Win32
		{B47EF1C8-5AD3-47BA-BE39-102DB086DF00}.DebugNT|x64.ActiveCfg = Debug|Win32
		{B47EF1C8-5AD3-47BA-BE39-102DB086DF00}.Release|Win32.ActiveCfg = Release|Win32
		{B47EF1C8-5AD3-47BA-BE39-102DB086DF00}.Release|Win32.Build.0 = Release|Win32
		{B47EF1C8-5AD3-47BA-BE39-102DB086DF00}.Release|x64.ActiveCfg = Release|x64
		{B47EF1C8-5AD3-47BA-BE39-102DB086DF00}.Release|x64.Build.0 = Release|x64
		{B47EF1C8-5AD3-47BA-BE39-102DB086DF00}.Release9x|Win32.ActiveCfg = Release|Win32
		{B47EF1C8-5AD3-47BA-BE39-102DB086DF00}.Release9x|Win32.Build.0 = Release|Win32
		{B47EF1C8-5AD3-47BA-BE39-102DB086DF00}.Release9x|x64.ActiveCfg = Release|Win32
		{B47EF1C8-5AD3-47BA-BE39-102DB086DF00}.ReleaseNT|Win32.ActiveCfg = Release|Win32
		{B47EF1C8-5AD3-47BA-BE39-102DB086DF00}.ReleaseNT|Win32.Build.0 = Release|Win32
		{B47EF1C8-5AD3-47BA-BE39-102DB086DF00}.ReleaseNT|x64.ActiveCfg = Release|Win32
		{57397569-DD99-4659-A315-77263EDAB1A4}.Debug|Win32.ActiveCfg = Debug|Win32
		{57397569-DD99-4659-A315-77263EDAB1A4}.Debug|Win32.Build.0 = Debug|Win32
		{57397569-DD99-4659-A315-77263EDAB1A4}.Debug|x64.ActiveCfg = Debug|x64
		{57397569-DD99-4659-A315-77263EDAB1A4}.Debug|x64.Build.0 = Debug|x64
		{57397569-DD99-4659-A315-77263EDAB1A4}.Debug9x|Win32.ActiveCfg = Debug|Win32
		{57397569-DD99-4659-A315-77263EDAB1A4}.Debug9x|Win32.Build.0 = Debug|Win32
		{57397569-DD99-4659-A315-77263EDAB1A4}.Debug9x|x64.ActiveCfg = Debug|Win32
		{57397569-DD99-4659-A315-77263EDAB1A4}.DebugNT|Win32.ActiveCfg = Debug|Win32
		{57397569-DD99-4659-A315-77263EDAB1A4}.DebugNT|Win32.Build.0 = Debug|Win32
		{57397569-DD99-4659-A315-77263EDAB1A4}.DebugNT|x64.ActiveCfg = Debug|Win32
		{57397569-DD99-4659-A315-77263EDAB1A4}.Release|Win32.ActiveCfg = Release|Win32
		{57397569-DD99-4659-A315-77263EDAB1A4}.Release|Win32.Build.0 = Release|Win32
		{57397569-DD99-4659-A315-77263EDAB1A4}.Release|x64.ActiveCfg = Release|x64
		{57397569-DD99-4659-A315-77263EDAB1A4}.Release|x64.Build.0 = Release|x64
		{57397569-DD99-4659-A315-77263EDAB1A4}.Release9x|Win32.ActiveCfg = Release|Win32
		{57397569-DD99-4659-A315-77263EDAB1A4}.Release9x|Win32.Build.0 = Release|Win32
		{57397569-DD99-4659-A315-77263EDAB1A4}.Release9x|x64.ActiveCfg = Release|Win32
		{57397569-DD99-4659-A315-77263EDAB1A4}.ReleaseNT|Win32.ActiveCfg = Release|Win32
		{57397569-DD99-4659-A315-77263EDAB1A4}.ReleaseNT|Win32.Build.0 = Release|Win32
		{57397569-DD99-4659-A315-77263EDAB1A4}.ReleaseNT|x64.ActiveCfg = Release|Win32
		{29BD03CD-F03E-47CB-9BE1-AC33D015AE7F}.Debug|Win32.ActiveCfg = Debug|Win32
		{29BD03CD-F03E-47CB-9BE1-AC33D015AE7F}.Debug|Win32.Build.0 = Debug|Win32
		{29BD03CD-F03E-47CB-9BE1-AC33D015AE7F}.Debug|x64.ActiveCfg = Debug|x64
		{29BD03CD-F03E-47CB-9BE1-AC33D015AE7F}.Debug|x64.Build.0 = Debug|x64
		{29BD03CD-F03E-47CB-9BE1-AC33D015AE7F}.Debug9x|Win32.ActiveCfg = Debug9x|Win32
		{29BD03CD-F03E-47CB-9BE1-AC33D015AE7F}.Debug9x|Win32.Build.0 = Debug9x|Win32
		{29BD03CD-F03E-47CB-9BE1-AC33D015AE7F}.Debug9x|x64.ActiveCfg = Debug9x|x64
		{29BD03CD-F03E-47CB-9BE1-AC33D015AE7F}.Debug9x|x64.Build.0 = Debug9x|x64
		{29BD03CD-F03E-47CB-9BE1-AC33D015AE7F}.DebugNT|Win32.ActiveCfg = Debug9x|Win32
		{29BD03CD-F03E-47CB-9BE1-AC33D015AE7F}.DebugNT|Win32.Build.0 = Debug9x|Win32
		{29BD03CD-F03E-47CB-9BE1-AC33D015AE7F}.DebugNT|x64.ActiveCfg = Debug9x|Win32
		{29BD03CD-F03E-47CB-9BE1-AC33D015AE7F}.Release|Win32.ActiveCfg = Release|Win32
		{29BD03CD-F03E-47CB-9BE1-AC33D015AE7F}.Release|Win32.Build.0 = Release|Win32
		{29BD03CD-F03E-47CB-9BE1-AC33D015AE7F}.Release|x64.ActiveCfg = Release|x64
		{29BD03CD-F03E-47CB-9BE1-AC33D015AE7F}.Release|x64.Build.0 = Release|x64
		{29BD03CD-F03E-47CB-9BE1-AC33D015AE7F}.Release9x|Win32.ActiveCfg = Release9x|Win32
		{29BD03CD-F03E-47CB-9BE1-AC33D015AE7F}.Release9x|Win32.Build.0 = Release9x|Win32
		{29BD03CD-F03E-47CB-9BE1-AC33D015AE7F}.Release9x|x64.ActiveCfg = Release9x|x64
		{29BD03CD-F03E-47CB-9BE1-AC33D015AE7F}.Release9x|x64.Build.0 = Release9x|x64
		{29BD03CD-F03E-47CB-9BE1-AC33D015AE7F}.ReleaseNT|Win32.ActiveCfg = Release9x|Win32
		{29BD03CD-F03E-47CB-9BE1-AC33D015AE7F}.ReleaseNT|Win32.Build.0 = Release9x|Win32
		{29BD03CD-F03E-47CB-9BE1-AC33D015AE7F}.ReleaseNT|x64.ActiveCfg = Release9x|Win32
		{583C32E4-CE02-457E-BBA5-8AFA523557FD}.Debug|Win32.ActiveCfg = Debug|Win32
		{583C32E4-CE02-457E-BBA5-8AFA523557FD}.Debug|Win32.Build.0 = Debug|Win32
		{583C32E4-CE02-457E-BBA5-8AFA523557FD}.Debug|x64.ActiveCfg = Debug|x64
		{583C32E4-CE02-457E-BBA5-8AFA523557FD}.Debug|x64.Build.0 = Debug|x64
		{583C32E4-CE02-457E-BBA5-8AFA523557FD}.Debug9x|Win32.ActiveCfg = Debug|Win32
		{583C32E4-CE02-457E-BBA5-8AFA523557FD}.Debug9x|Win32.Build.0 = Debug|Win32
		{583C32E4-CE02-457E-BBA5-8AFA523557FD}.Debug9x|x64.ActiveCfg = Debug|Win32
		{583C32E4-CE02-457E-BBA5-8AFA523557FD}.DebugNT|Win32.ActiveCfg = Debug|Win32
		{583C32E4-CE02-457E-BBA5-8AFA523557FD}.DebugNT|Win32.Build.0 = Debug|Win32
		{583C32E4-CE02-457E-BBA5-8AFA523557FD}.DebugNT|x64.ActiveCfg = Debug|Win32
		{583C32E4-CE02-457E-BBA5-8AFA523557FD}.Release|Win32.ActiveCfg = Release|Win32
		{583C32E4-CE02-457E-BBA5-8AFA523557FD}.Release|Win32.Build.0 = Release|Win32
		{583C32E4-CE02-457E-BBA5-8AFA523557FD}.Release|x64.ActiveCfg = Release|x64
		{583C32E4-CE02-457E-BBA5-8AFA523557FD}.Release|x64.Build.0 = Release|x64
		{583C32E4-CE02-457E-BBA5-8AFA523557FD}.Release9x|Win32.ActiveCfg = Release|Win32
		{583C32E4-CE02-457E-BBA5-8AFA523557FD}.Release9x|Win32.Build.0 = Release|Win32
		{583C32E4-CE02-457E-BBA5-8AFA523557FD}.Release9x|x64.ActiveCfg = Release|Win32
		{583C32E4-CE02-457E-BBA5-8AFA523557FD}.ReleaseNT|Win32.ActiveCfg = Release|Win32
		{583C32E4-CE02-457E-BBA5-8AFA523557FD}.ReleaseNT|Win32.Build.0 = Release|Win32
		{583C32E4-CE02-457E-BBA5-8AFA523557FD}.ReleaseNT|x64.ActiveCfg = Release|Win32
		{14D4A106-B8B9-4072-8C76-92A43569FA1A}.Debug|Win32.ActiveCfg = Debug|Win32
		{14D4A106-B8B9-4072-8C76-92A43569FA1A}.Debug|Win32.Build.0 = Debug|Win32
		{14D4A106-B8B9-4072-8C76-92A43569FA1A}.Debug|x64.ActiveCfg = Debug|x64
		{14D4A106-B8B9-4072-8C76-92A43569FA1A}.Debug|x64.Build.0 = Debug|x64
		{14D4A106-B8B9-4072-8C76-92A43569FA1A}.Debug9x|Win32.ActiveCfg = Debug9x|Win32
		{14D4A106-B8B9-4072-8C76-92A43569FA1A}.Debug9x|Win32.Build.0 = Debug9x|Win32
		{14D4A106-B8B9-4072-8C76-92A43569FA1A}.Debug9x|x64.ActiveCfg = Debug9x|x64
		{14D4A106-B8B9-4072-8C76-92A43569FA1A}.Debug9x|x64.Build.0 = Debug9x|x64
		{14D4A106-B8B9-4072-8C76-92A43569FA1A}.DebugNT|Win32.ActiveCfg = DebugNT|Win32
		{14D4A106-B8B9-4072-8C76-92A43569FA1A}.DebugNT|Win32.Build.0 = DebugNT|Win32
		{14D4A106-B8B9-4072-8C76-92A43569FA1A}.DebugNT|x64.ActiveCfg = DebugNT|x64
		{14D4A106-B8B9-4072-8C76-92A43569FA1A}.DebugNT|x64.Build.0 = DebugNT|x64
		{14D4A106-B8B9-4072-8C76-92A43569FA1A}.Release|Win32.ActiveCfg = Release|Win32
		{14D4A106-B8B9-4072-8C76-92A43569FA1A}.Release|Win32.Build.0 = Release|Win32
		{14D4A106-B8B9-4072-8C76-92A43569FA1A}.Release|x64.ActiveCfg = Release|x64
		{14D4A106-B8B9-4072-8C76-92A43569FA1A}.Release|x64.Build.0 = Release|x64
		{14D4A106-B8B9-4072-8C76-92A43569FA1A}.Release9x|Win32.ActiveCfg = Release9x|Win32
		{14D4A106-B8B9-4072-8C76-92A43569FA1A}.Release9x|Win32.Build.0 = Release9x|Win32
		{14D4A106-B8B9-4072-8C76-92A43569FA1A}.Release9x|x64.ActiveCfg = Release9x|x64
		{14D4A106-B8B9-4072-8C76-92A43569FA1A}.Release9x|x64.Build.0 = Release9x|x64
		{14D4A106-B8B9-4072-8C76-92A43569FA1A}.ReleaseNT|Win32.ActiveCfg = ReleaseNT|Win32
		{14D4A106-B8B9-4072-8C76-92A43569FA1A}.ReleaseNT|Win32.Build.0 = ReleaseNT|Win32
		{14D4A106-B8B9-4072-8C76-92A43569FA1A}.ReleaseNT|x64.ActiveCfg = ReleaseNT|x64
		{14D4A106-B8B9-4072-8C76-92A43569FA1A}.ReleaseNT|x64.Build.0 = ReleaseNT|x64
		{0D203242-663C-427D-8FE7-12EB2D72D942}.Debug|Win32.ActiveCfg = Debug|Win32
		{0D203242-663C-427D-8FE7-12EB2D72D942}.Debug|Win32.Build.0 = Debug|Win32
		{0D203242-663C-427D-8FE7-12EB2D72D942}.Debug|x64.ActiveCfg = Debug|x64
		{0D203242-663C-427D-8FE7-12EB2D72D942}.Debug|x64.Build.0 = Debug|x64
		{0D203242-663C-427D-8FE7-12EB2D72D942}.Debug9x|Win32.ActiveCfg = Debug9x|Win32
		{0D203242-663C-427D-8FE7-12EB2D72D942}.Debug9x|Win32.Build.0 = Debug9x|Win32
		{0D203242-663C-427D-8FE7-12EB2D72D942}.Debug9x|x64.ActiveCfg = Debug9x|x64
		{0D203242-663C-427D-8FE7-12EB2D72D942}.Debug9x|x64.Build.0 = Debug9x|x64
		{0D203242-663C-427D-8FE7-12EB2D72D942}.DebugNT|Win32.ActiveCfg = DebugNT|Win32
		{0D203242-663C-427D-8FE7-12EB2D72D942}.DebugNT|Win32.Build.0 = DebugNT|Win32
		{0D203242-663C-427D-8FE7-12EB2D72D942}.DebugNT|x64.ActiveCfg = DebugNT|x64
		{0D203242-663C-427D-8FE7-12EB2D72D942}.DebugNT|x64.Build.0 = DebugNT|x64
		{0D203242-663C-427D-8FE7-12EB2D72D942}.Release|Win32.ActiveCfg = Release|Win32
		{0D203242-663C-427D-8FE7-12EB2D72D942}.Release|Win32.Build.0 = Release|Win32
		{0D203242-663C-427D-8FE7-12EB2D72D942}.Release|x64.ActiveCfg = Release|x64
		{0D203242-663C-427D-8FE7-12EB2D72D942}.Release|x64.Build.0 = Release|x64
		{0D203242-663C-427D-8FE7-12EB2D72D942}.Release9x|Win32.ActiveCfg = Release9x|Win32
		{0D203242-663C-427D-8FE7-12EB2D72D942}.Release9x|Win32.Build.0 = Release9x|Win32
		{0D203242-663C-427D-8FE7-12EB2D72D942}.Release9x|x64.ActiveCfg = Release9x|x64
		{0D203242-663C-427D-8FE7-12EB2D72D942}.Release9x|x64.Build.0 = Release9x|x64
		{0D203242-663C-427D-8FE7-12EB2D72D942}.ReleaseNT|Win32.ActiveCfg = ReleaseNT|Win32
		{0D203242-663C-427D-8FE7-12EB2D72D942}.ReleaseNT|Win32.Build.0 = ReleaseNT|Win32
		{0D203242-663C-427D-8FE7-12EB2D72D942}.ReleaseNT|x64.ActiveCfg = ReleaseNT|x64
		{0D203242-663C-427D-8FE7-12EB2D72D942}.ReleaseNT|x64.Build.0 = ReleaseNT|x64
		{ED7EE42D-186A-4D88-BC66-0B047865FEA9}.Debug|Win32.ActiveCfg = Debug|Win32
		{ED7EE42D-186A-4D88-BC66-0B047865FEA9}.Debug|Win32.Build.0 = Debug|Win32
		{ED7EE42D-186A-4D88-BC66-0B047865FEA9}.Debug|x64.ActiveCfg = Debug|x64
		{ED7EE42D-186A-4D88-BC66-0B047865FEA9}.Debug|x64.Build.0 = Debug|x64
		{ED7EE42D-186A-4D88-BC66-0B047865FEA9}.Debug9x|Win32.ActiveCfg = Debug|x64
		{ED7EE42D-186A-4D88-BC66-0B047865FEA9}.Debug9x|x64.ActiveCfg = Debug|x64
		{ED7EE42D-186A-4D88-BC66-0B047865FEA9}.Debug9x|x64.Build.0 = Debug|x64
		{ED7EE42D-186A-4D88-BC66-0B047865FEA9}.DebugNT|Win32.ActiveCfg = Debug|x64
		{ED7EE42D-186A-4D88-BC66-0B047865FEA9}.DebugNT|x64.ActiveCfg = Debug|x64
		{ED7EE42D-186A-4D88-BC66-0B047865FEA9}.DebugNT|x64.Build.0 = Debug|x64
		{ED7EE42D-186A-4D88-BC66-0B047865FEA9}.Release|Win32.ActiveCfg = Release|Win32
		{ED7EE42D-186A-4D88-BC66-0B047865FEA9}.Release|Win32.Build.0 = Release|Win32
		{ED7EE42D-186A-4D88-BC66-0B047865FEA9}.Release|x64.ActiveCfg = Release|x64
		{ED7EE42D-186A-4D88-BC66-0B047865FEA9}.Release|x64.Build.0 = Release|x64
		{ED7EE42D-186A-4D88-BC66-0B047865FEA9}.Release9x|Win32.ActiveCfg = Release|x64
		{ED7EE42D-186A-4D88-BC66-0B047865FEA9}.Release9x|x64.ActiveCfg = Release|x64
		{ED7EE42D-186A-4D88-BC66-0B047865FEA9}.Release9x|x64.Build.0 = Release|x64
		{ED7EE42D-186A-4D88-BC66-0B047865FEA9}.ReleaseNT|Win32.ActiveCfg = Release|x64
		{ED7EE42D-186A-4D88-BC66-0B047865FEA9}.ReleaseNT|x64.ActiveCfg = Release|x64
		{ED7EE42D-186A-4D88-BC66-0B047865FEA9}.ReleaseNT|x64.Build.0 = Release|x64
		{5FB36E6E-8F95-4BBF-A890-9C1345619030}.Debug|Win32.ActiveCfg = Debug|Win32
		{5FB36E6E-8F95-4BBF-A890-9C1345619030}.Debug|Win32.Build.0 = Debug|Win32
		{5FB36E6E-8F95-4BBF-A890-9C1345619030}.Debug|x64.ActiveCfg = Debug|x64
		{5FB36E6E-8F95-4BBF-A890-9C1345619030}.Debug|x64.Build.0 = Debug|x64
		{5FB36E6E-8F95-4BBF-A890-9C1345619030}.Debug9x|Win32.ActiveCfg = Debug9x|Win32
		{5FB36E6E-8F95-4BBF-A890-9C1345619030}.Debug9x|Win32.Build.0 = Debug9x|Win32
		{5FB36E6E-8F95-4BBF-A890-9C1345619030}.Debug9x|x64.ActiveCfg = Debug9x|x64
		{5FB36E6E-8F95-4BBF-A890-9C1345619030}.Debug9x|x64.Build.0 = Debug9x|x64
		{5FB36E6E-8F95-4BBF-A890-9C1345619030}.DebugNT|Win32.ActiveCfg = Debug9x|Win32
		{5FB36E6E-8F95-4BBF-A890-9C1345619030}.DebugNT|Win32.Build.0 = Debug9x|Win32
		{5FB36E6E-8F95-4BBF-A890-9C1345619030}.DebugNT|x64.ActiveCfg = Debug9x|Win32
		{5FB36E6E-8F95-4BBF-A890-9C1345619030}.Release|Win32.ActiveCfg = Release|Win32
		{5FB36E6E-8F95-4BBF-A890-9C1345619030}.Release|Win32.Build.0 = Release|Win32
		{5FB36E6E-8F95-4BBF-A890-9C1345619030}.Release|x64.ActiveCfg = Release|x64
		{5FB36E6E-8F95-4BBF-A890-9C1345619030}.Release|x64.Build.0 = Release|x64
		{5FB36E6E-8F95-4BBF-A890-9C1345619030}.Release9x|Win32.ActiveCfg = Release9x|Win32
		{5FB36E6E-8F95-4BBF-A890-9C1345619030}.Release9x|Win32.Build.0 = Release9x|Win32
		{5FB36E6E-8F95-4BBF-A890-9C1345619030}.Release9x|x64.ActiveCfg = Release9x|x64
		{5FB36E6E-8F95-4BBF-A890-9C1345619030}.Release9x|x64.Build.0 = Release9x|x64
		{5FB36E6E-8F95-4BBF-A890-9C1345619030}.ReleaseNT|Win32.ActiveCfg = Release9x|Win32
		{5FB36E6E-8F95-4BBF-A890-9C1345619030}.ReleaseNT|Win32.Build.0 = Release9x|Win32
		{5FB36E6E-8F95-4BBF-A890-9C1345619030}.ReleaseNT|x64.ActiveCfg = Release9x|Win32
		{8C5249FB-60FF-4672-9510-18405A7EFC80}.Debug|Win32.ActiveCfg = Debug|Win32
		{8C5249FB-60FF-4672-9510-18405A7EFC80}.Debug|Win32.Build.0 = Debug|Win32
		{8C5249FB-60FF-4672-9510-18405A7EFC80}.Debug|x64.ActiveCfg = Debug|x64
		{8C5249FB-60FF-4672-9510-18405A7EFC80}.Debug|x64.Build.0 = Debug|x64
		{8C5249FB-60FF-4672-9510-18405A7EFC80}.Debug9x|Win32.ActiveCfg = Debug|x64
		{8C5249FB-60FF-4672-9510-18405A7EFC80}.Debug9x|x64.ActiveCfg = Debug|x64
		{8C5249FB-60FF-4672-9510-18405A7EFC80}.Debug9x|x64.Build.0 = Debug|x64
		{8C5249FB-60FF-4672-9510-18405A7EFC80}.DebugNT|Win32.ActiveCfg = Debug|x64
		{8C5249FB-60FF-4672-9510-18405A7EFC80}.DebugNT|x64.ActiveCfg = Debug|x64
		{8C5249FB-60FF-4672-9510-18405A7EFC80}.DebugNT|x64.Build.0 = Debug|x64
		{8C5249FB-60FF-4672-9510-18405A7EFC80}.Release|Win32.ActiveCfg = Release|Win32
		{8C5249FB-60FF-4672-9510-18405A7EFC80}.Release|Win32.Build.0 = Release|Win32
		{8C5249FB-60FF-4672-9510-18405A7EFC80}.Release|x64.ActiveCfg = Release|x64
		{8C5249FB-60FF-4672-9510-18405A7EFC80}.Release|x64.Build.0 = Release|x64
		{8C5249FB-60FF-4672-9510-18405A7EFC80}.Release9x|Win32.ActiveCfg = Release|x64
		{8C5249FB-60FF-4672-9510-18405A7EFC80}.Release9x|x64.ActiveCfg = Release|x64
		{8C5249FB-60FF-4672-9510-18405A7EFC80}.Release9x|x64.Build.0 = Release|x64
		{8C5249FB-60FF-4672-9510-18405A7EFC80}.ReleaseNT|Win32.ActiveCfg = Release|x64
		{8C5249FB-60FF-4672-9510-18405A7EFC80}.ReleaseNT|x64.ActiveCfg = Release|x64
		{8C5249FB-60FF-4672-9510-18405A7EFC80}.ReleaseNT|x64.Build.0 = Release|x64
		{90D05755-1181-4EDE-9937-9D01CA9A6642}.Debug|Win32.ActiveCfg = Debug|Win32
		{90D05755-1181-4EDE-9937-9D01CA9A6642}.Debug|Win32.Build.0 = Debug|Win32
		{90D05755-1181-4EDE-9937-9D01CA9A6642}.Debug|x64.ActiveCfg = Debug|x64
		{90D05755-1181-4EDE-9937-9D01CA9A6642}.Debug|x64.Build.0 = Debug|x64
		{90D05755-1181-4EDE-9937-9D01CA9A6642}.Debug9x|Win32.ActiveCfg = Debug|Win32
		{90D05755-1181-4EDE-9937-9D01CA9A6642}.Debug9x|Win32.Build.0 = Debug|Win32
		{90D05755-1181-4EDE-9937-9D01CA9A6642}.Debug9x|x64.ActiveCfg = Debug|Win32
		{90D05755-1181-4EDE-9937-9D01CA9A6642}.DebugNT|Win32.ActiveCfg = Debug|Win32
		{90D05755-1181-4EDE-9937-9D01CA9A6642}.DebugNT|Win32.Build.0 = Debug|Win32
		{90D05755-1181-4EDE-9937-9D01CA9A6642}.DebugNT|x64.ActiveCfg = Debug|Win32
		{90D05755-1181-4EDE-9937-9D01CA9A6642}.Release|Win32.ActiveCfg = Release|Win32
		{90D05755-1181-4EDE-9937-9D01CA9A6642}.Release|Win32.Build.0 = Release|Win32
		{90D05755-1181-4EDE-9937-9D01CA9A6642}.Release|x64.ActiveCfg = Release|x64
		{90D05755-1181-4EDE-9937-9D01CA9A6642}.Release|x64.Build.0 = Release|x64
		{90D05755-1181-4EDE-9937-9D01CA9A6642}.Release9x|Win32.ActiveCfg = Release|Win32
		{90D05755-1181-4EDE-9937-9D01CA9A6642}.Release9x|Win32.Build.0 = Release|Win32
		{90D05755-1181-4EDE-9937-9D01CA9A6642}.Release9x|x64.ActiveCfg = Release|Win32
		{90D05755-1181-4EDE-9937-9D01CA9A6642}.ReleaseNT|Win32.ActiveCfg = Release|Win32
		{90D05755-1181-4EDE-9937-9D01CA9A6642}.ReleaseNT|Win32.Build.0 = Release|Win32
		{90D05755-1181-4EDE-9937-9D01CA9A6642}.ReleaseNT|x64.ActiveCfg = Release|Win32
		{6E27468A-D7E5-4008-927E-1C09F581A9D8}.Debug|Win32.ActiveCfg = Debug|Win32
		{6E27468A-D7E5-4008-927E-1C09F581A9D8}.Debug|Win32.Build.0 = Debug|Win32
		{6E27468A-D7E5-4008-927E-1C09F581A9D8}.Debug|x64.ActiveCfg = Debug|x64
		{6E27468A-D7E5-4008-927E-1C09F581A9D8}.Debug|x64.Build.0 = Debug|x64
		{6E27468A-D7E5-4008-927E-1C09F581A9D8}.Debug9x|Win32.ActiveCfg = Debug9x|Win32
		{6E27468A-D7E5-4008-927E-1C09F581A9D8}.Debug9x|Win32.Build.0 = Debug9x|Win32
		{6E27468A-D7E5-4008-927E-1C09F581A9D8}.Debug9x|x64.ActiveCfg = Debug9x|x64
		{6E27468A-D7E5-4008-927E-1C09F581A9D8}.Debug9x|x64.Build.0 = Debug9x|x64
		{6E27468A-D7E5-4008-927E-1C09F581A9D8}.DebugNT|Win32.ActiveCfg = Debug9x|x64
		{6E27468A-D7E5-4008-927E-1C09F581A9D8}.DebugNT|x64.ActiveCfg = Debug9x|x64
		{6E27468A-D7E5-4008-927E-1C09F581A9D8}.DebugNT|x64.Build.0 = Debug9x|x64
		{6E27468A-D7E5-4008-927E-1C09F581A9D8}.Release|Win32.ActiveCfg = Release|Win32
		{6E27468A-D7E5-4008-927E-1C09F581A9D8}.Release|Win32.Build.0 = Release|Win32
		{6E27468A-D7E5-4008-927E-1C09F581A9D8}.Release|x64.ActiveCfg = Release|x64
		{6E27468A-D7E5-4008-927E-1C09F581A9D8}.Release|x64.Build.0 = Release|x64
		{6E27468A-D7E5-4008-927E-1C09F581A9D8}.Release9x|Win32.ActiveCfg = Release9x|Win32
		{6E27468A-D7E5-4008-927E-1C09F581A9D8}.Release9x|Win32.Build.0 = Release9x|Win32
		{6E27468A-D7E5-4008-927E-1C09F581A9D8}.Release9x|x64.ActiveCfg = Release9x|x64
		{6E27468A-D7E5-4008-927E-1C09F581A9D8}.Release9x|x64.Build.0 = Release9x|x64
		{6E27468A-D7E5-4008-927E-1C09F581A9D8}.ReleaseNT|Win32.ActiveCfg = Release|x64
		{6E27468A-D7E5-4008-927E-1C09F581A9D8}.ReleaseNT|x64.ActiveCfg = Release|x64
		{6E27468A-D7E5-4008-927E-1C09F581A9D8}.ReleaseNT|x64.Build.0 = Release|x64
	EndGlobalSection
	GlobalSection(SolutionProperties) = preSolution
		HideSolutionNode = FALSE
	EndGlobalSection
EndGlobal
